{
  "lockfileVersion": 1,
  "workspaces": {
    "": {
      "name": "dvdzkwsk",
      "devDependencies": {
        "@preact/signals": "latest",
        "@types/bun": "latest",
        "@types/html-minifier-terser": "latest",
        "@types/node": "latest",
        "bun": "latest",
        "concurrently": "latest",
        "date-fns": "latest",
        "esbuild": "latest",
        "esbuild-plugin-alias": "latest",
        "highlight.js": "latest",
        "history": "latest",
        "html-minifier-terser": "latest",
        "preact": "latest",
        "preact-render-to-string": "latest",
        "prettier": "latest",
        "typescript": "latest",
      },
    },
  },
  "packages": {
    "@babel/runtime": ["@babel/runtime@7.24.5", "", { "dependencies": { "regenerator-runtime": "^0.14.0" } }, ""],

    "@esbuild/aix-ppc64": ["@esbuild/aix-ppc64@0.24.2", "", { "os": "aix", "cpu": "ppc64" }, "sha512-thpVCb/rhxE/BnMLQ7GReQLLN8q9qbHmI55F4489/ByVg2aQaQ6kbcLb6FHkocZzQhxc4gx0sCk0tJkKBFzDhA=="],

    "@esbuild/android-arm": ["@esbuild/android-arm@0.24.2", "", { "os": "android", "cpu": "arm" }, "sha512-tmwl4hJkCfNHwFB3nBa8z1Uy3ypZpxqxfTQOcHX+xRByyYgunVbZ9MzUUfb0RxaHIMnbHagwAxuTL+tnNM+1/Q=="],

    "@esbuild/android-arm64": ["@esbuild/android-arm64@0.24.2", "", { "os": "android", "cpu": "arm64" }, "sha512-cNLgeqCqV8WxfcTIOeL4OAtSmL8JjcN6m09XIgro1Wi7cF4t/THaWEa7eL5CMoMBdjoHOTh/vwTO/o2TRXIyzg=="],

    "@esbuild/android-x64": ["@esbuild/android-x64@0.24.2", "", { "os": "android", "cpu": "x64" }, "sha512-B6Q0YQDqMx9D7rvIcsXfmJfvUYLoP722bgfBlO5cGvNVb5V/+Y7nhBE3mHV9OpxBf4eAS2S68KZztiPaWq4XYw=="],

    "@esbuild/darwin-arm64": ["@esbuild/darwin-arm64@0.24.2", "", { "os": "darwin", "cpu": "arm64" }, "sha512-kj3AnYWc+CekmZnS5IPu9D+HWtUI49hbnyqk0FLEJDbzCIQt7hg7ucF1SQAilhtYpIujfaHr6O0UHlzzSPdOeA=="],

    "@esbuild/darwin-x64": ["@esbuild/darwin-x64@0.24.2", "", { "os": "darwin", "cpu": "x64" }, "sha512-WeSrmwwHaPkNR5H3yYfowhZcbriGqooyu3zI/3GGpF8AyUdsrrP0X6KumITGA9WOyiJavnGZUwPGvxvwfWPHIA=="],

    "@esbuild/freebsd-arm64": ["@esbuild/freebsd-arm64@0.24.2", "", { "os": "freebsd", "cpu": "arm64" }, "sha512-UN8HXjtJ0k/Mj6a9+5u6+2eZ2ERD7Edt1Q9IZiB5UZAIdPnVKDoG7mdTVGhHJIeEml60JteamR3qhsr1r8gXvg=="],

    "@esbuild/freebsd-x64": ["@esbuild/freebsd-x64@0.24.2", "", { "os": "freebsd", "cpu": "x64" }, "sha512-TvW7wE/89PYW+IevEJXZ5sF6gJRDY/14hyIGFXdIucxCsbRmLUcjseQu1SyTko+2idmCw94TgyaEZi9HUSOe3Q=="],

    "@esbuild/linux-arm": ["@esbuild/linux-arm@0.24.2", "", { "os": "linux", "cpu": "arm" }, "sha512-n0WRM/gWIdU29J57hJyUdIsk0WarGd6To0s+Y+LwvlC55wt+GT/OgkwoXCXvIue1i1sSNWblHEig00GBWiJgfA=="],

    "@esbuild/linux-arm64": ["@esbuild/linux-arm64@0.24.2", "", { "os": "linux", "cpu": "arm64" }, "sha512-7HnAD6074BW43YvvUmE/35Id9/NB7BeX5EoNkK9obndmZBUk8xmJJeU7DwmUeN7tkysslb2eSl6CTrYz6oEMQg=="],

    "@esbuild/linux-ia32": ["@esbuild/linux-ia32@0.24.2", "", { "os": "linux", "cpu": "ia32" }, "sha512-sfv0tGPQhcZOgTKO3oBE9xpHuUqguHvSo4jl+wjnKwFpapx+vUDcawbwPNuBIAYdRAvIDBfZVvXprIj3HA+Ugw=="],

    "@esbuild/linux-loong64": ["@esbuild/linux-loong64@0.24.2", "", { "os": "linux", "cpu": "none" }, "sha512-CN9AZr8kEndGooS35ntToZLTQLHEjtVB5n7dl8ZcTZMonJ7CCfStrYhrzF97eAecqVbVJ7APOEe18RPI4KLhwQ=="],

    "@esbuild/linux-mips64el": ["@esbuild/linux-mips64el@0.24.2", "", { "os": "linux", "cpu": "none" }, "sha512-iMkk7qr/wl3exJATwkISxI7kTcmHKE+BlymIAbHO8xanq/TjHaaVThFF6ipWzPHryoFsesNQJPE/3wFJw4+huw=="],

    "@esbuild/linux-ppc64": ["@esbuild/linux-ppc64@0.24.2", "", { "os": "linux", "cpu": "ppc64" }, "sha512-shsVrgCZ57Vr2L8mm39kO5PPIb+843FStGt7sGGoqiiWYconSxwTiuswC1VJZLCjNiMLAMh34jg4VSEQb+iEbw=="],

    "@esbuild/linux-riscv64": ["@esbuild/linux-riscv64@0.24.2", "", { "os": "linux", "cpu": "none" }, "sha512-4eSFWnU9Hhd68fW16GD0TINewo1L6dRrB+oLNNbYyMUAeOD2yCK5KXGK1GH4qD/kT+bTEXjsyTCiJGHPZ3eM9Q=="],

    "@esbuild/linux-s390x": ["@esbuild/linux-s390x@0.24.2", "", { "os": "linux", "cpu": "s390x" }, "sha512-S0Bh0A53b0YHL2XEXC20bHLuGMOhFDO6GN4b3YjRLK//Ep3ql3erpNcPlEFed93hsQAjAQDNsvcK+hV90FubSw=="],

    "@esbuild/linux-x64": ["@esbuild/linux-x64@0.24.2", "", { "os": "linux", "cpu": "x64" }, "sha512-8Qi4nQcCTbLnK9WoMjdC9NiTG6/E38RNICU6sUNqK0QFxCYgoARqVqxdFmWkdonVsvGqWhmm7MO0jyTqLqwj0Q=="],

    "@esbuild/netbsd-arm64": ["@esbuild/netbsd-arm64@0.24.2", "", { "os": "none", "cpu": "arm64" }, "sha512-wuLK/VztRRpMt9zyHSazyCVdCXlpHkKm34WUyinD2lzK07FAHTq0KQvZZlXikNWkDGoT6x3TD51jKQ7gMVpopw=="],

    "@esbuild/netbsd-x64": ["@esbuild/netbsd-x64@0.24.2", "", { "os": "none", "cpu": "x64" }, "sha512-VefFaQUc4FMmJuAxmIHgUmfNiLXY438XrL4GDNV1Y1H/RW3qow68xTwjZKfj/+Plp9NANmzbH5R40Meudu8mmw=="],

    "@esbuild/openbsd-arm64": ["@esbuild/openbsd-arm64@0.24.2", "", { "os": "openbsd", "cpu": "arm64" }, "sha512-YQbi46SBct6iKnszhSvdluqDmxCJA+Pu280Av9WICNwQmMxV7nLRHZfjQzwbPs3jeWnuAhE9Jy0NrnJ12Oz+0A=="],

    "@esbuild/openbsd-x64": ["@esbuild/openbsd-x64@0.24.2", "", { "os": "openbsd", "cpu": "x64" }, "sha512-+iDS6zpNM6EnJyWv0bMGLWSWeXGN/HTaF/LXHXHwejGsVi+ooqDfMCCTerNFxEkM3wYVcExkeGXNqshc9iMaOA=="],

    "@esbuild/sunos-x64": ["@esbuild/sunos-x64@0.24.2", "", { "os": "sunos", "cpu": "x64" }, "sha512-hTdsW27jcktEvpwNHJU4ZwWFGkz2zRJUz8pvddmXPtXDzVKTTINmlmga3ZzwcuMpUvLw7JkLy9QLKyGpD2Yxig=="],

    "@esbuild/win32-arm64": ["@esbuild/win32-arm64@0.24.2", "", { "os": "win32", "cpu": "arm64" }, "sha512-LihEQ2BBKVFLOC9ZItT9iFprsE9tqjDjnbulhHoFxYQtQfai7qfluVODIYxt1PgdoyQkz23+01rzwNwYfutxUQ=="],

    "@esbuild/win32-ia32": ["@esbuild/win32-ia32@0.24.2", "", { "os": "win32", "cpu": "ia32" }, "sha512-q+iGUwfs8tncmFC9pcnD5IvRHAzmbwQ3GPS5/ceCyHdjXubwQWI12MKWSNSMYLJMq23/IUCvJMS76PDqXe1fxA=="],

    "@esbuild/win32-x64": ["@esbuild/win32-x64@0.24.2", "", { "os": "win32", "cpu": "x64" }, "sha512-7VTgWzgMGvup6aSqDPLiW5zHaxYJGTO4OokMjIlrCtf+VpEL+cXKtCvg723iguPYI5oaUNdS+/V7OU2gvXVWEg=="],

    "@jridgewell/gen-mapping": ["@jridgewell/gen-mapping@0.3.5", "", { "dependencies": { "@jridgewell/set-array": "^1.2.1", "@jridgewell/sourcemap-codec": "^1.4.10", "@jridgewell/trace-mapping": "^0.3.24" } }, ""],

    "@jridgewell/resolve-uri": ["@jridgewell/resolve-uri@3.1.2", "", {}, ""],

    "@jridgewell/set-array": ["@jridgewell/set-array@1.2.1", "", {}, ""],

    "@jridgewell/source-map": ["@jridgewell/source-map@0.3.6", "", { "dependencies": { "@jridgewell/gen-mapping": "^0.3.5", "@jridgewell/trace-mapping": "^0.3.25" } }, ""],

    "@jridgewell/sourcemap-codec": ["@jridgewell/sourcemap-codec@1.4.15", "", {}, ""],

    "@jridgewell/trace-mapping": ["@jridgewell/trace-mapping@0.3.25", "", { "dependencies": { "@jridgewell/resolve-uri": "^3.1.0", "@jridgewell/sourcemap-codec": "^1.4.14" } }, ""],

    "@oven/bun-darwin-aarch64": ["@oven/bun-darwin-aarch64@1.2.0", "", { "os": "darwin", "cpu": "arm64" }, "sha512-51gx0Q7MJshZn554VEHj599/TVW+IDcYITWDzxeRyBN96vrbnYT9sGT58tCvN/yVrJBcTH83aHgjsOefM/egrQ=="],

    "@oven/bun-darwin-x64": ["@oven/bun-darwin-x64@1.2.0", "", { "os": "darwin", "cpu": "x64" }, "sha512-LxbuMT5h5IgBbBpCzUCz9JlAIRcVy9tLJ54s+X6H8qpaDNf4TL+bmZQEog/VZMHdyFVQignSiTI6zPkPnoF+Kw=="],

    "@oven/bun-darwin-x64-baseline": ["@oven/bun-darwin-x64-baseline@1.2.0", "", { "os": "darwin", "cpu": "x64" }, "sha512-ZgtE37T6ogQjp25JZRYbxy4Iziw7+THEnm2Mb+SyjimLSmU10d0fgYsPrT5ZIWfsMh42IXPgUFksG7IY7CmR/A=="],

    "@oven/bun-linux-aarch64": ["@oven/bun-linux-aarch64@1.2.0", "", { "os": "linux", "cpu": "arm64" }, "sha512-1N10z7tQE1CwrSHuhdQFxl1vUd86VKqt1258a++m9EUwZ+uQMYnoevKyDc2TiwJF4yXG1AHc1STz7biQ1q/wNA=="],

    "@oven/bun-linux-aarch64-musl": ["@oven/bun-linux-aarch64-musl@1.2.0", "", { "os": "linux", "cpu": "none" }, "sha512-sXfkddLwsOF6x2YfDkmbfuwV5BgaI53G1nh2/cq7iLf1HhdWDhbmB4i9Dw68Gy3tXTrezOOQqZ5+un5OOOXXxg=="],

    "@oven/bun-linux-x64": ["@oven/bun-linux-x64@1.2.0", "", { "os": "linux", "cpu": "x64" }, "sha512-QGXdeY0zkTSMYqIJ1crDF8gvRx0JeRYjd/nmfpxnuxyVNjUUVZHaQKMHvGGptPmkzvhEvCYnWmh2wmCFQmCZBw=="],

    "@oven/bun-linux-x64-baseline": ["@oven/bun-linux-x64-baseline@1.2.0", "", { "os": "linux", "cpu": "x64" }, "sha512-eXxEbZxUO02EAofgMW1SCiMlGgS0F8NSvF7xTgSAxl8WYYDAR9GVu37DIwGokXBKBuysgdZuBUb7IpWzB+n6IQ=="],

    "@oven/bun-linux-x64-musl": ["@oven/bun-linux-x64-musl@1.2.0", "", { "os": "linux", "cpu": "x64" }, "sha512-pJjVzEiS9HXuWy4LdbmiOLUmU1l2pUAWbbd43OocJRYvZL54cZpE+x0yUyEb38vd+jkHQu0ty8jHMyl+fBNUZA=="],

    "@oven/bun-linux-x64-musl-baseline": ["@oven/bun-linux-x64-musl-baseline@1.2.0", "", { "os": "linux", "cpu": "x64" }, "sha512-/M53/WHnhKjgFxQXljapXMnQvkdZ9EzK9LuWjZ0Kw3WCx9n2v7MS2803vjpiVwUxoDYpq1+wSyXIaEloZQ/R5w=="],

    "@oven/bun-windows-x64": ["@oven/bun-windows-x64@1.2.0", "", { "os": "win32", "cpu": "x64" }, "sha512-inCrG8tQJ9Sz5N8uVoDwoR+QFDLbOcfAkGtjEvnn6djeyDx8PbO8IErhbrpkb+10vtGDFWaOr0XVS7kuSu08Fw=="],

    "@oven/bun-windows-x64-baseline": ["@oven/bun-windows-x64-baseline@1.2.0", "", { "os": "win32", "cpu": "x64" }, "sha512-A+U0PGh0twPTbUNwK2BZcFR8fWDumWOAiTReTWTK0wOIcQIy9DCTzKhxBffYNwLhf8BxLkJpoEag7wL1AWiejg=="],

    "@preact/signals": ["@preact/signals@2.0.1", "", { "dependencies": { "@preact/signals-core": "^1.7.0" }, "peerDependencies": { "preact": "10.x" } }, "sha512-f9p/utMgttPb9bJ+UgRBkTDZ9uQiZfX1/gV3pXGWz+yGNQj8MrnG55Xo8MAG4IHcb5UXQO6tvt9ZlsM4A2j+Rw=="],

    "@preact/signals-core": ["@preact/signals-core@1.8.0", "", {}, "sha512-OBvUsRZqNmjzCZXWLxkZfhcgT+Fk8DDcT/8vD6a1xhDemodyy87UJRJfASMuSD8FaAIeGgGm85ydXhm7lr4fyA=="],

    "@types/bun": ["@types/bun@1.2.0", "", { "dependencies": { "bun-types": "1.2.0" } }, "sha512-5N1JqdahfpBlAv4wy6svEYcd/YfO2GNrbL95JOmFx8nkE6dbK4R0oSE5SpBA4vBRqgrOUAXF8Dpiz+gi7r80SA=="],

    "@types/html-minifier-terser": ["@types/html-minifier-terser@7.0.2", "", {}, ""],

    "@types/node": ["@types/node@22.10.10", "", { "dependencies": { "undici-types": "~6.20.0" } }, "sha512-X47y/mPNzxviAGY5TcYPtYL8JsY3kAq2n8fMmKoRCxq/c4v4pyGNCzM2R6+M5/umG4ZfHuT+sgqDYqWc9rJ6ww=="],

    "@types/ws": ["@types/ws@8.5.13", "", { "dependencies": { "@types/node": "*" } }, "sha512-osM/gWBTPKgHV8XkTunnegTRIsvF6owmf5w+JtAfOw472dptdm0dlGv4xCt6GwQRcC2XVOvvRE/0bAoQcL2QkA=="],

    "acorn": ["acorn@8.11.3", "", { "bin": "bin/acorn" }, ""],

    "ansi-regex": ["ansi-regex@5.0.1", "", {}, ""],

    "ansi-styles": ["ansi-styles@4.3.0", "", { "dependencies": { "color-convert": "^2.0.1" } }, ""],

    "buffer-from": ["buffer-from@1.1.2", "", {}, ""],

    "bun": ["bun@1.2.0", "", { "optionalDependencies": { "@oven/bun-darwin-aarch64": "1.2.0", "@oven/bun-darwin-x64": "1.2.0", "@oven/bun-darwin-x64-baseline": "1.2.0", "@oven/bun-linux-aarch64": "1.2.0", "@oven/bun-linux-aarch64-musl": "1.2.0", "@oven/bun-linux-x64": "1.2.0", "@oven/bun-linux-x64-baseline": "1.2.0", "@oven/bun-linux-x64-musl": "1.2.0", "@oven/bun-linux-x64-musl-baseline": "1.2.0", "@oven/bun-windows-x64": "1.2.0", "@oven/bun-windows-x64-baseline": "1.2.0" }, "os": [ "linux", "win32", "darwin", ], "cpu": [ "x64", "arm64", ], "bin": { "bun": "bin/bun.exe", "bunx": "bin/bun.exe" } }, "sha512-QUt9418MMPgylSsfOjGABV0aodlVZmQ6goCn/o0tf6jVKkPFgaMw643iv+Uo5uqEKtECaDCbCmssqofq1nVgvw=="],

    "bun-types": ["bun-types@1.2.0", "", { "dependencies": { "@types/node": "*", "@types/ws": "~8.5.10" } }, "sha512-KEaJxyZfbV/c4eyG0vyehDpYmBGreNiQbZIqvVHJwZ4BmeuWlNZ7EAzMN2Zcd7ailmS/tGVW0BgYbGf+lGEpWw=="],

    "camel-case": ["camel-case@4.1.2", "", { "dependencies": { "pascal-case": "^3.1.2", "tslib": "^2.0.3" } }, ""],

    "chalk": ["chalk@4.1.2", "", { "dependencies": { "ansi-styles": "^4.1.0", "supports-color": "^7.1.0" } }, ""],

    "clean-css": ["clean-css@5.3.3", "", { "dependencies": { "source-map": "~0.6.0" } }, ""],

    "cliui": ["cliui@8.0.1", "", { "dependencies": { "string-width": "^4.2.0", "strip-ansi": "^6.0.1", "wrap-ansi": "^7.0.0" } }, ""],

    "color-convert": ["color-convert@2.0.1", "", { "dependencies": { "color-name": "~1.1.4" } }, ""],

    "color-name": ["color-name@1.1.4", "", {}, ""],

    "commander": ["commander@10.0.1", "", {}, ""],

    "concurrently": ["concurrently@9.1.2", "", { "dependencies": { "chalk": "^4.1.2", "lodash": "^4.17.21", "rxjs": "^7.8.1", "shell-quote": "^1.8.1", "supports-color": "^8.1.1", "tree-kill": "^1.2.2", "yargs": "^17.7.2" }, "bin": { "concurrently": "dist/bin/concurrently.js", "conc": "dist/bin/concurrently.js" } }, "sha512-H9MWcoPsYddwbOGM6difjVwVZHl63nwMEwDJG/L7VGtuaJhb12h2caPG2tVPWs7emuYix252iGfqOyrz1GczTQ=="],

    "date-fns": ["date-fns@4.1.0", "", {}, "sha512-Ukq0owbQXxa/U3EGtsdVBkR1w7KOQ5gIBqdH2hkvknzZPYvBxb/aa6E8L7tmjFtkwZBu3UXBbjIgPo/Ez4xaNg=="],

    "dot-case": ["dot-case@3.0.4", "", { "dependencies": { "no-case": "^3.0.4", "tslib": "^2.0.3" } }, ""],

    "emoji-regex": ["emoji-regex@8.0.0", "", {}, ""],

    "entities": ["entities@4.5.0", "", {}, ""],

    "esbuild": ["esbuild@0.24.2", "", { "optionalDependencies": { "@esbuild/aix-ppc64": "0.24.2", "@esbuild/android-arm": "0.24.2", "@esbuild/android-arm64": "0.24.2", "@esbuild/android-x64": "0.24.2", "@esbuild/darwin-arm64": "0.24.2", "@esbuild/darwin-x64": "0.24.2", "@esbuild/freebsd-arm64": "0.24.2", "@esbuild/freebsd-x64": "0.24.2", "@esbuild/linux-arm": "0.24.2", "@esbuild/linux-arm64": "0.24.2", "@esbuild/linux-ia32": "0.24.2", "@esbuild/linux-loong64": "0.24.2", "@esbuild/linux-mips64el": "0.24.2", "@esbuild/linux-ppc64": "0.24.2", "@esbuild/linux-riscv64": "0.24.2", "@esbuild/linux-s390x": "0.24.2", "@esbuild/linux-x64": "0.24.2", "@esbuild/netbsd-arm64": "0.24.2", "@esbuild/netbsd-x64": "0.24.2", "@esbuild/openbsd-arm64": "0.24.2", "@esbuild/openbsd-x64": "0.24.2", "@esbuild/sunos-x64": "0.24.2", "@esbuild/win32-arm64": "0.24.2", "@esbuild/win32-ia32": "0.24.2", "@esbuild/win32-x64": "0.24.2" }, "bin": { "esbuild": "bin/esbuild" } }, "sha512-+9egpBW8I3CD5XPe0n6BfT5fxLzxrlDzqydF3aviG+9ni1lDC/OvMHcxqEFV0+LANZG5R1bFMWfUrjVsdwxJvA=="],

    "esbuild-plugin-alias": ["esbuild-plugin-alias@0.2.1", "", {}, ""],

    "escalade": ["escalade@3.1.2", "", {}, ""],

    "get-caller-file": ["get-caller-file@2.0.5", "", {}, ""],

    "has-flag": ["has-flag@4.0.0", "", {}, ""],

    "highlight.js": ["highlight.js@11.11.1", "", {}, "sha512-Xwwo44whKBVCYoliBQwaPvtd/2tYFkRQtXDWj1nackaV2JPXx3L0+Jvd8/qCJ2p+ML0/XVkJ2q+Mr+UVdpJK5w=="],

    "history": ["history@5.3.0", "", { "dependencies": { "@babel/runtime": "^7.7.6" } }, ""],

    "html-minifier-terser": ["html-minifier-terser@7.2.0", "", { "dependencies": { "camel-case": "^4.1.2", "clean-css": "~5.3.2", "commander": "^10.0.0", "entities": "^4.4.0", "param-case": "^3.0.4", "relateurl": "^0.2.7", "terser": "^5.15.1" }, "bin": "cli.js" }, ""],

    "is-fullwidth-code-point": ["is-fullwidth-code-point@3.0.0", "", {}, ""],

    "lodash": ["lodash@4.17.21", "", {}, ""],

    "lower-case": ["lower-case@2.0.2", "", { "dependencies": { "tslib": "^2.0.3" } }, ""],

    "no-case": ["no-case@3.0.4", "", { "dependencies": { "lower-case": "^2.0.2", "tslib": "^2.0.3" } }, ""],

    "param-case": ["param-case@3.0.4", "", { "dependencies": { "dot-case": "^3.0.4", "tslib": "^2.0.3" } }, ""],

    "pascal-case": ["pascal-case@3.1.2", "", { "dependencies": { "no-case": "^3.0.4", "tslib": "^2.0.3" } }, ""],

    "preact": ["preact@10.25.4", "", {}, "sha512-jLdZDb+Q+odkHJ+MpW/9U5cODzqnB+fy2EiHSZES7ldV5LK7yjlVzTp7R8Xy6W6y75kfK8iWYtFVH7lvjwrCMA=="],

    "preact-render-to-string": ["preact-render-to-string@6.5.13", "", { "peerDependencies": { "preact": ">=10" } }, "sha512-iGPd+hKPMFKsfpR2vL4kJ6ZPcFIoWZEcBf0Dpm3zOpdVvj77aY8RlLiQji5OMrngEyaxGogeakTb54uS2FvA6w=="],

    "prettier": ["prettier@3.4.2", "", { "bin": { "prettier": "bin/prettier.cjs" } }, "sha512-e9MewbtFo+Fevyuxn/4rrcDAaq0IYxPGLvObpQjiZBMAzB9IGmzlnG9RZy3FFas+eBMu2vA0CszMeduow5dIuQ=="],

    "regenerator-runtime": ["regenerator-runtime@0.14.1", "", {}, ""],

    "relateurl": ["relateurl@0.2.7", "", {}, ""],

    "require-directory": ["require-directory@2.1.1", "", {}, ""],

    "rxjs": ["rxjs@7.8.1", "", { "dependencies": { "tslib": "^2.1.0" } }, ""],

    "shell-quote": ["shell-quote@1.8.1", "", {}, ""],

    "source-map": ["source-map@0.6.1", "", {}, ""],

    "source-map-support": ["source-map-support@0.5.21", "", { "dependencies": { "buffer-from": "^1.0.0", "source-map": "^0.6.0" } }, ""],

    "string-width": ["string-width@4.2.3", "", { "dependencies": { "emoji-regex": "^8.0.0", "is-fullwidth-code-point": "^3.0.0", "strip-ansi": "^6.0.1" } }, ""],

    "strip-ansi": ["strip-ansi@6.0.1", "", { "dependencies": { "ansi-regex": "^5.0.1" } }, ""],

    "supports-color": ["supports-color@8.1.1", "", { "dependencies": { "has-flag": "^4.0.0" } }, ""],

    "terser": ["terser@5.31.0", "", { "dependencies": { "@jridgewell/source-map": "^0.3.3", "acorn": "^8.8.2", "commander": "^2.20.0", "source-map-support": "~0.5.20" }, "bin": "bin/terser" }, ""],

    "tree-kill": ["tree-kill@1.2.2", "", { "bin": "cli.js" }, ""],

    "tslib": ["tslib@2.6.2", "", {}, ""],

    "typescript": ["typescript@5.7.3", "", { "bin": { "tsc": "bin/tsc", "tsserver": "bin/tsserver" } }, "sha512-84MVSjMEHP+FQRPy3pX9sTVV/INIex71s9TL2Gm5FG/WG1SqXeKyZ0k7/blY/4FdOzI12CBy1vGc4og/eus0fw=="],

    "undici-types": ["undici-types@6.20.0", "", {}, "sha512-Ny6QZ2Nju20vw1SRHe3d9jVu6gJ+4e3+MMpqu7pqE5HT6WsTSlce++GQmK5UXS8mzV8DSYHrQH+Xrf2jVcuKNg=="],

    "wrap-ansi": ["wrap-ansi@7.0.0", "", { "dependencies": { "ansi-styles": "^4.0.0", "string-width": "^4.1.0", "strip-ansi": "^6.0.0" } }, ""],

    "y18n": ["y18n@5.0.8", "", {}, ""],

    "yargs": ["yargs@17.7.2", "", { "dependencies": { "cliui": "^8.0.1", "escalade": "^3.1.1", "get-caller-file": "^2.0.5", "require-directory": "^2.1.1", "string-width": "^4.2.3", "y18n": "^5.0.5", "yargs-parser": "^21.1.1" } }, ""],

    "yargs-parser": ["yargs-parser@21.1.1", "", {}, ""],

    "@types/ws/@types/node": ["@types/node@20.12.12", "", { "dependencies": { "undici-types": "~5.26.4" } }, ""],

    "chalk/supports-color": ["supports-color@7.2.0", "", { "dependencies": { "has-flag": "^4.0.0" } }, ""],

    "terser/commander": ["commander@2.20.3", "", {}, ""],

    "@types/ws/@types/node/undici-types": ["undici-types@5.26.5", "", {}, ""],
  }
}
